
Microsoft Visual Studio Solution File, Format Version 12.00
# Visual Studio 14
VisualStudioVersion = 14.0.24720.0
MinimumVisualStudioVersion = 10.0.40219.1
Project("{FAE04EC0-301F-11D3-BF4B-00C04F79EFBC}") = "GTFSIO", "GTFSIO\GTFSIO.csproj", "{8806A02B-8598-4B17-BFB7-DADF09DA7B18}"
EndProject
Project("{FAE04EC0-301F-11D3-BF4B-00C04F79EFBC}") = "GTFSIO.Tests", "GTFSIO.Tests\GTFSIO.Tests.csproj", "{59A1F18A-D9A8-4D72-8F8A-DD8506B40B50}"
EndProject
Project("{2150E333-8FDC-42A3-9474-1A3956D46DE8}") = "Solution Items", "Solution Items", "{10DFF792-1935-4FAE-A5B8-AC95BC7D0FF4}"
	ProjectSection(SolutionItems) = preProject
		.gitignore = .gitignore
		GTFSIO\GTFSIO.nuspec = GTFSIO\GTFSIO.nuspec
		LICENSE.txt = LICENSE.txt
		README.md = README.md
	EndProjectSection
EndProject
Global
	GlobalSection(SolutionConfigurationPlatforms) = preSolution
		Debug|Any CPU = Debug|Any CPU
		Nuget|Any CPU = Nuget|Any CPU
		Release|Any CPU = Release|Any CPU
	EndGlobalSection
	GlobalSection(ProjectConfigurationPlatforms) = postSolution
		{8806A02B-8598-4B17-BFB7-DADF09DA7B18}.Debug|Any CPU.ActiveCfg = Debug|Any CPU
		{8806A02B-8598-4B17-BFB7-DADF09DA7B18}.Debug|Any CPU.Build.0 = Debug|Any CPU
		{8806A02B-8598-4B17-BFB7-DADF09DA7B18}.Nuget|Any CPU.ActiveCfg = Nuget|Any CPU
		{8806A02B-8598-4B17-BFB7-DADF09DA7B18}.Nuget|Any CPU.Build.0 = Nuget|Any CPU
		{8806A02B-8598-4B17-BFB7-DADF09DA7B18}.Release|Any CPU.ActiveCfg = Release|Any CPU
		{8806A02B-8598-4B17-BFB7-DADF09DA7B18}.Release|Any CPU.Build.0 = Release|Any CPU
		{59A1F18A-D9A8-4D72-8F8A-DD8506B40B50}.Debug|Any CPU.ActiveCfg = Debug|Any CPU
		{59A1F18A-D9A8-4D72-8F8A-DD8506B40B50}.Debug|Any CPU.Build.0 = Debug|Any CPU
		{59A1F18A-D9A8-4D72-8F8A-DD8506B40B50}.Nuget|Any CPU.ActiveCfg = Nuget|Any CPU
		{59A1F18A-D9A8-4D72-8F8A-DD8506B40B50}.Release|Any CPU.ActiveCfg = Release|Any CPU
	EndGlobalSection
	GlobalSection(SolutionProperties) = preSolution
		HideSolutionNode = FALSE
	EndGlobalSection
EndGlobal
